
Microsoft Visual Studio Solution File, Format Version 12.00
# Visual Studio Version 17
VisualStudioVersion = 17.12.35707.178
MinimumVisualStudioVersion = 10.0.40219.1
Project("{2150E333-8FDC-42A3-9474-1A3956D46DE8}") = "Core", "Core", "{A66CCF9B-7B17-4B1C-A819-096136509708}"
EndProject
Project("{2150E333-8FDC-42A3-9474-1A3956D46DE8}") = "Fronteds", "Fronteds", "{6F6D3A3E-59A2-45E0-8761-7377CA32D6C6}"
EndProject
Project("{2150E333-8FDC-42A3-9474-1A3956D46DE8}") = "Infrastructure", "Infrastructure", "{8C9659F5-D1AB-4F5C-9DDC-B2495D8ECE88}"
EndProject
Project("{2150E333-8FDC-42A3-9474-1A3956D46DE8}") = "Presentation", "Presentation", "{024C2E61-C79D-4662-9789-55B6667659DF}"
EndProject
Project("{2150E333-8FDC-42A3-9474-1A3956D46DE8}") = "Requirements", "Requirements", "{A4A062C8-42DE-483E-8F37-92CDE370AA33}"
EndProject
Project("{FAE04EC0-301F-11D3-BF4B-00C04F79EFBC}") = "MovieApi.Domain", "Core\MovieApi.Domain\MovieApi.Domain.csproj", "{5E4EFB81-233D-4FB8-AE06-290719951017}"
EndProject
Project("{FAE04EC0-301F-11D3-BF4B-00C04F79EFBC}") = "MovieApi.Persistence", "Infrastructure\MovieApi.Persistence\MovieApi.Persistence.csproj", "{0785F90E-FF5F-4951-9A98-B21139C418F5}"
EndProject
Project("{FAE04EC0-301F-11D3-BF4B-00C04F79EFBC}") = "MovieApi.WebApi", "Presentation\MovieApi.WebApi\MovieApi.WebApi.csproj", "{437C6184-F773-4C29-83BB-934C2C175165}"
EndProject
Project("{FAE04EC0-301F-11D3-BF4B-00C04F79EFBC}") = "MovieApi.Application", "Core\MovieApi.Application\MovieApi.Application.csproj", "{2458AC09-82F6-4ADB-8202-3789706593C3}"
EndProject
Project("{FAE04EC0-301F-11D3-BF4B-00C04F79EFBC}") = "MovieApi.WebUI", "Frontends\WebApplication1\MovieApi.WebUI.csproj", "{FED028DC-1852-4888-8A74-57E872928EFE}"
EndProject
Project("{FAE04EC0-301F-11D3-BF4B-00C04F79EFBC}") = "MovieApi.Dto", "Frontends\MovieApi.Dto\MovieApi.Dto.csproj", "{D6B647F2-745D-463B-9023-CBE109007B8E}"
EndProject
Global
	GlobalSection(SolutionConfigurationPlatforms) = preSolution
		Debug|Any CPU = Debug|Any CPU
		Release|Any CPU = Release|Any CPU
	EndGlobalSection
	GlobalSection(ProjectConfigurationPlatforms) = postSolution
		{5E4EFB81-233D-4FB8-AE06-290719951017}.Debug|Any CPU.ActiveCfg = Debug|Any CPU
		{5E4EFB81-233D-4FB8-AE06-290719951017}.Debug|Any CPU.Build.0 = Debug|Any CPU
		{5E4EFB81-233D-4FB8-AE06-290719951017}.Release|Any CPU.ActiveCfg = Release|Any CPU
		{5E4EFB81-233D-4FB8-AE06-290719951017}.Release|Any CPU.Build.0 = Release|Any CPU
		{0785F90E-FF5F-4951-9A98-B21139C418F5}.Debug|Any CPU.ActiveCfg = Debug|Any CPU
		{0785F90E-FF5F-4951-9A98-B21139C418F5}.Debug|Any CPU.Build.0 = Debug|Any CPU
		{0785F90E-FF5F-4951-9A98-B21139C418F5}.Release|Any CPU.ActiveCfg = Release|Any CPU
		{0785F90E-FF5F-4951-9A98-B21139C418F5}.Release|Any CPU.Build.0 = Release|Any CPU
		{437C6184-F773-4C29-83BB-934C2C175165}.Debug|Any CPU.ActiveCfg = Debug|Any CPU
		{437C6184-F773-4C29-83BB-934C2C175165}.Debug|Any CPU.Build.0 = Debug|Any CPU
		{437C6184-F773-4C29-83BB-934C2C175165}.Release|Any CPU.ActiveCfg = Release|Any CPU
		{437C6184-F773-4C29-83BB-934C2C175165}.Release|Any CPU.Build.0 = Release|Any CPU
		{2458AC09-82F6-4ADB-8202-3789706593C3}.Debug|Any CPU.ActiveCfg = Debug|Any CPU
		{2458AC09-82F6-4ADB-8202-3789706593C3}.Debug|Any CPU.Build.0 = Debug|Any CPU
		{2458AC09-82F6-4ADB-8202-3789706593C3}.Release|Any CPU.ActiveCfg = Release|Any CPU
		{2458AC09-82F6-4ADB-8202-3789706593C3}.Release|Any CPU.Build.0 = Release|Any CPU
		{FED028DC-1852-4888-8A74-57E872928EFE}.Debug|Any CPU.ActiveCfg = Debug|Any CPU
		{FED028DC-1852-4888-8A74-57E872928EFE}.Debug|Any CPU.Build.0 = Debug|Any CPU
		{FED028DC-1852-4888-8A74-57E872928EFE}.Release|Any CPU.ActiveCfg = Release|Any CPU
		{FED028DC-1852-4888-8A74-57E872928EFE}.Release|Any CPU.Build.0 = Release|Any CPU
		{D6B647F2-745D-463B-9023-CBE109007B8E}.Debug|Any CPU.ActiveCfg = Debug|Any CPU
		{D6B647F2-745D-463B-9023-CBE109007B8E}.Debug|Any CPU.Build.0 = Debug|Any CPU
		{D6B647F2-745D-463B-9023-CBE109007B8E}.Release|Any CPU.ActiveCfg = Release|Any CPU
		{D6B647F2-745D-463B-9023-CBE109007B8E}.Release|Any CPU.Build.0 = Release|Any CPU
	EndGlobalSection
	GlobalSection(SolutionProperties) = preSolution
		HideSolutionNode = FALSE
	EndGlobalSection
	GlobalSection(NestedProjects) = preSolution
		{5E4EFB81-233D-4FB8-AE06-290719951017} = {A66CCF9B-7B17-4B1C-A819-096136509708}
		{0785F90E-FF5F-4951-9A98-B21139C418F5} = {8C9659F5-D1AB-4F5C-9DDC-B2495D8ECE88}
		{437C6184-F773-4C29-83BB-934C2C175165} = {024C2E61-C79D-4662-9789-55B6667659DF}
		{2458AC09-82F6-4ADB-8202-3789706593C3} = {A66CCF9B-7B17-4B1C-A819-096136509708}
		{FED028DC-1852-4888-8A74-57E872928EFE} = {6F6D3A3E-59A2-45E0-8761-7377CA32D6C6}
		{D6B647F2-745D-463B-9023-CBE109007B8E} = {6F6D3A3E-59A2-45E0-8761-7377CA32D6C6}
	EndGlobalSection
	GlobalSection(ExtensibilityGlobals) = postSolution
		SolutionGuid = {49941355-31C9-464E-9842-19D1EAC99138}
	EndGlobalSection
EndGlobal
