
Microsoft Visual Studio Solution File, Format Version 12.00
# Visual Studio Version 17
VisualStudioVersion = 17.12.35707.178 d17.12
MinimumVisualStudioVersion = 10.0.40219.1
Project("{2150E333-8FDC-42A3-9474-1A3956D46DE8}") = "Core", "Core", "{A66CCF9B-7B17-4B1C-A819-096136509708}"
EndProject
Project("{2150E333-8FDC-42A3-9474-1A3956D46DE8}") = "Fronteds", "Fronteds", "{6F6D3A3E-59A2-45E0-8761-7377CA32D6C6}"
EndProject
Project("{2150E333-8FDC-42A3-9474-1A3956D46DE8}") = "Infrastructure", "Infrastructure", "{8C9659F5-D1AB-4F5C-9DDC-B2495D8ECE88}"
EndProject
Project("{2150E333-8FDC-42A3-9474-1A3956D46DE8}") = "Presentation", "Presentation", "{024C2E61-C79D-4662-9789-55B6667659DF}"
EndProject
Project("{2150E333-8FDC-42A3-9474-1A3956D46DE8}") = "Requirements", "Requirements", "{A4A062C8-42DE-483E-8F37-92CDE370AA33}"
EndProject
Global
	GlobalSection(SolutionProperties) = preSolution
		HideSolutionNode = FALSE
	EndGlobalSection
EndGlobal
